// !$*UTF8*$!
{
	archiveVersion = 1;
	classes = {
	};
	objectVersion = 55;
	objects = {

/* Begin PBXBuildFile section */
		156D58B5272E52A4003F3A9C /* Realm in Frameworks */ = {isa = PBXBuildFile; productRef = 156D58B4272E52A4003F3A9C /* Realm */; };
		156D58B7272E52A4003F3A9C /* RealmSwift in Frameworks */ = {isa = PBXBuildFile; productRef = 156D58B6272E52A4003F3A9C /* RealmSwift */; };
		156D58BB27309E8C003F3A9C /* gocamping 1~500.json in Resources */ = {isa = PBXBuildFile; fileRef = 156D58BA27309E8B003F3A9C /* gocamping 1~500.json */; };
		156D58BD27309ECF003F3A9C /* BundleExtension.swift in Sources */ = {isa = PBXBuildFile; fileRef = 156D58BC27309ECF003F3A9C /* BundleExtension.swift */; };
		156D58BF27309F1B003F3A9C /* JsonUpload.swift in Sources */ = {isa = PBXBuildFile; fileRef = 156D58BE27309F1B003F3A9C /* JsonUpload.swift */; };
		156D58C327309FD7003F3A9C /* BasicInfo01.swift in Sources */ = {isa = PBXBuildFile; fileRef = 156D58C227309FD7003F3A9C /* BasicInfo01.swift */; };
		157018DB272E3109009DA3F0 /* CampingGaJaApp.swift in Sources */ = {isa = PBXBuildFile; fileRef = 157018DA272E3109009DA3F0 /* CampingGaJaApp.swift */; };
		157018DD272E3109009DA3F0 /* ContentView.swift in Sources */ = {isa = PBXBuildFile; fileRef = 157018DC272E3109009DA3F0 /* ContentView.swift */; };
		157018DF272E310A009DA3F0 /* Assets.xcassets in Resources */ = {isa = PBXBuildFile; fileRef = 157018DE272E310A009DA3F0 /* Assets.xcassets */; };
		157018E2272E310A009DA3F0 /* Preview Assets.xcassets in Resources */ = {isa = PBXBuildFile; fileRef = 157018E1272E310A009DA3F0 /* Preview Assets.xcassets */; };
		157018EE272E3D91009DA3F0 /* SearchDefaultRealm.swift in Sources */ = {isa = PBXBuildFile; fileRef = 157018ED272E3D91009DA3F0 /* SearchDefaultRealm.swift */; };
		FABC5E942733AD9E000C067A /* jsontest01.json in Resources */ = {isa = PBXBuildFile; fileRef = FABC5E932733AD9E000C067A /* jsontest01.json */; };
		FABC5E962733AF2C000C067A /* BasicInfo02.swift in Sources */ = {isa = PBXBuildFile; fileRef = FABC5E952733AF2C000C067A /* BasicInfo02.swift */; };
		FABC5E982733B253000C067A /* BasicTest01.swift in Sources */ = {isa = PBXBuildFile; fileRef = FABC5E972733B253000C067A /* BasicTest01.swift */; };
		FABC5E9A2733B2B0000C067A /* jsontest02.json in Resources */ = {isa = PBXBuildFile; fileRef = FABC5E992733B2B0000C067A /* jsontest02.json */; };
/* End PBXBuildFile section */

/* Begin PBXFileReference section */
		156D58BA27309E8B003F3A9C /* gocamping 1~500.json */ = {isa = PBXFileReference; fileEncoding = 4; lastKnownFileType = text.json; path = "gocamping 1~500.json"; sourceTree = "<group>"; };
		156D58BC27309ECF003F3A9C /* BundleExtension.swift */ = {isa = PBXFileReference; lastKnownFileType = sourcecode.swift; path = BundleExtension.swift; sourceTree = "<group>"; };
		156D58BE27309F1B003F3A9C /* JsonUpload.swift */ = {isa = PBXFileReference; lastKnownFileType = sourcecode.swift; path = JsonUpload.swift; sourceTree = "<group>"; };
		156D58C227309FD7003F3A9C /* BasicInfo01.swift */ = {isa = PBXFileReference; lastKnownFileType = sourcecode.swift; path = BasicInfo01.swift; sourceTree = "<group>"; };
		157018D7272E3109009DA3F0 /* CampingGaJa.app */ = {isa = PBXFileReference; explicitFileType = wrapper.application; includeInIndex = 0; path = CampingGaJa.app; sourceTree = BUILT_PRODUCTS_DIR; };
		157018DA272E3109009DA3F0 /* CampingGaJaApp.swift */ = {isa = PBXFileReference; lastKnownFileType = sourcecode.swift; path = CampingGaJaApp.swift; sourceTree = "<group>"; };
		157018DC272E3109009DA3F0 /* ContentView.swift */ = {isa = PBXFileReference; lastKnownFileType = sourcecode.swift; path = ContentView.swift; sourceTree = "<group>"; };
		157018DE272E310A009DA3F0 /* Assets.xcassets */ = {isa = PBXFileReference; lastKnownFileType = folder.assetcatalog; path = Assets.xcassets; sourceTree = "<group>"; };
		157018E1272E310A009DA3F0 /* Preview Assets.xcassets */ = {isa = PBXFileReference; lastKnownFileType = folder.assetcatalog; path = "Preview Assets.xcassets"; sourceTree = "<group>"; };
		157018ED272E3D91009DA3F0 /* SearchDefaultRealm.swift */ = {isa = PBXFileReference; lastKnownFileType = sourcecode.swift; path = SearchDefaultRealm.swift; sourceTree = "<group>"; };
		FABC5E932733AD9E000C067A /* jsontest01.json */ = {isa = PBXFileReference; fileEncoding = 4; lastKnownFileType = text.json; path = jsontest01.json; sourceTree = "<group>"; };
		FABC5E952733AF2C000C067A /* BasicInfo02.swift */ = {isa = PBXFileReference; lastKnownFileType = sourcecode.swift; path = BasicInfo02.swift; sourceTree = "<group>"; };
		FABC5E972733B253000C067A /* BasicTest01.swift */ = {isa = PBXFileReference; lastKnownFileType = sourcecode.swift; path = BasicTest01.swift; sourceTree = "<group>"; };
		FABC5E992733B2B0000C067A /* jsontest02.json */ = {isa = PBXFileReference; fileEncoding = 4; lastKnownFileType = text.json; path = jsontest02.json; sourceTree = "<group>"; };
/* End PBXFileReference section */

/* Begin PBXFrameworksBuildPhase section */
		157018D4272E3109009DA3F0 /* Frameworks */ = {
			isa = PBXFrameworksBuildPhase;
			buildActionMask = 2147483647;
			files = (
				156D58B7272E52A4003F3A9C /* RealmSwift in Frameworks */,
				156D58B5272E52A4003F3A9C /* Realm in Frameworks */,
			);
			runOnlyForDeploymentPostprocessing = 0;
		};
/* End PBXFrameworksBuildPhase section */

/* Begin PBXGroup section */
		157018CE272E3109009DA3F0 = {
			isa = PBXGroup;
			children = (
				157018D9272E3109009DA3F0 /* CampingGaJa */,
				157018D8272E3109009DA3F0 /* Products */,
			);
			sourceTree = "<group>";
		};
		157018D8272E3109009DA3F0 /* Products */ = {
			isa = PBXGroup;
			children = (
				157018D7272E3109009DA3F0 /* CampingGaJa.app */,
			);
			name = Products;
			sourceTree = "<group>";
		};
		157018D9272E3109009DA3F0 /* CampingGaJa */ = {
			isa = PBXGroup;
			children = (
				157018DA272E3109009DA3F0 /* CampingGaJaApp.swift */,
				157018DC272E3109009DA3F0 /* ContentView.swift */,
				157018DE272E310A009DA3F0 /* Assets.xcassets */,
				157018E0272E310A009DA3F0 /* Preview Content */,
				157018ED272E3D91009DA3F0 /* SearchDefaultRealm.swift */,
				156D58BA27309E8B003F3A9C /* gocamping 1~500.json */,
				156D58BC27309ECF003F3A9C /* BundleExtension.swift */,
				156D58BE27309F1B003F3A9C /* JsonUpload.swift */,
				156D58C227309FD7003F3A9C /* BasicInfo01.swift */,
				FABC5E932733AD9E000C067A /* jsontest01.json */,
				FABC5E952733AF2C000C067A /* BasicInfo02.swift */,
				FABC5E972733B253000C067A /* BasicTest01.swift */,
				FABC5E992733B2B0000C067A /* jsontest02.json */,
			);
			path = CampingGaJa;
			sourceTree = "<group>";
		};
		157018E0272E310A009DA3F0 /* Preview Content */ = {
			isa = PBXGroup;
			children = (
				157018E1272E310A009DA3F0 /* Preview Assets.xcassets */,
			);
			path = "Preview Content";
			sourceTree = "<group>";
		};
/* End PBXGroup section */

/* Begin PBXNativeTarget section */
		157018D6272E3109009DA3F0 /* CampingGaJa */ = {
			isa = PBXNativeTarget;
			buildConfigurationList = 157018E5272E310A009DA3F0 /* Build configuration list for PBXNativeTarget "CampingGaJa" */;
			buildPhases = (
				157018D3272E3109009DA3F0 /* Sources */,
				157018D4272E3109009DA3F0 /* Frameworks */,
				157018D5272E3109009DA3F0 /* Resources */,
			);
			buildRules = (
			);
			dependencies = (
			);
			name = CampingGaJa;
			packageProductDependencies = (
				156D58B4272E52A4003F3A9C /* Realm */,
				156D58B6272E52A4003F3A9C /* RealmSwift */,
			);
			productName = CampingGaJa;
			productReference = 157018D7272E3109009DA3F0 /* CampingGaJa.app */;
			productType = "com.apple.product-type.application";
		};
/* End PBXNativeTarget section */

/* Begin PBXProject section */
		157018CF272E3109009DA3F0 /* Project object */ = {
			isa = PBXProject;
			attributes = {
				BuildIndependentTargetsInParallel = 1;
				LastSwiftUpdateCheck = 1310;
				LastUpgradeCheck = 1310;
				TargetAttributes = {
					157018D6272E3109009DA3F0 = {
						CreatedOnToolsVersion = 13.1;
					};
				};
			};
			buildConfigurationList = 157018D2272E3109009DA3F0 /* Build configuration list for PBXProject "CampingGaJa" */;
			compatibilityVersion = "Xcode 13.0";
			developmentRegion = en;
			hasScannedForEncodings = 0;
			knownRegions = (
				en,
				Base,
			);
			mainGroup = 157018CE272E3109009DA3F0;
			packageReferences = (
				156D58B3272E52A4003F3A9C /* XCRemoteSwiftPackageReference "realm-cocoa" */,
			);
			productRefGroup = 157018D8272E3109009DA3F0 /* Products */;
			projectDirPath = "";
			projectRoot = "";
			targets = (
				157018D6272E3109009DA3F0 /* CampingGaJa */,
			);
		};
/* End PBXProject section */

/* Begin PBXResourcesBuildPhase section */
		157018D5272E3109009DA3F0 /* Resources */ = {
			isa = PBXResourcesBuildPhase;
			buildActionMask = 2147483647;
			files = (
				156D58BB27309E8C003F3A9C /* gocamping 1~500.json in Resources */,
				157018E2272E310A009DA3F0 /* Preview Assets.xcassets in Resources */,
				FABC5E9A2733B2B0000C067A /* jsontest02.json in Resources */,
				FABC5E942733AD9E000C067A /* jsontest01.json in Resources */,
				157018DF272E310A009DA3F0 /* Assets.xcassets in Resources */,
			);
			runOnlyForDeploymentPostprocessing = 0;
		};
/* End PBXResourcesBuildPhase section */

/* Begin PBXSourcesBuildPhase section */
		157018D3272E3109009DA3F0 /* Sources */ = {
			isa = PBXSourcesBuildPhase;
			buildActionMask = 2147483647;
			files = (
				157018DD272E3109009DA3F0 /* ContentView.swift in Sources */,
				157018EE272E3D91009DA3F0 /* SearchDefaultRealm.swift in Sources */,
				156D58BF27309F1B003F3A9C /* JsonUpload.swift in Sources */,
				157018DB272E3109009DA3F0 /* CampingGaJaApp.swift in Sources */,
				FABC5E962733AF2C000C067A /* BasicInfo02.swift in Sources */,
				156D58BD27309ECF003F3A9C /* BundleExtension.swift in Sources */,
				156D58C327309FD7003F3A9C /* BasicInfo01.swift in Sources */,
				FABC5E982733B253000C067A /* BasicTest01.swift in Sources */,
			);
			runOnlyForDeploymentPostprocessing = 0;
		};
/* End PBXSourcesBuildPhase section */

/* Begin XCBuildConfiguration section */
		157018E3272E310A009DA3F0 /* Debug */ = {
			isa = XCBuildConfiguration;
			buildSettings = {
				ALWAYS_SEARCH_USER_PATHS = NO;
				CLANG_ANALYZER_NONNULL = YES;
				CLANG_ANALYZER_NUMBER_OBJECT_CONVERSION = YES_AGGRESSIVE;
				CLANG_CXX_LANGUAGE_STANDARD = "gnu++17";
				CLANG_CXX_LIBRARY = "libc++";
				CLANG_ENABLE_MODULES = YES;
				CLANG_ENABLE_OBJC_ARC = YES;
				CLANG_ENABLE_OBJC_WEAK = YES;
				CLANG_WARN_BLOCK_CAPTURE_AUTORELEASING = YES;
				CLANG_WARN_BOOL_CONVERSION = YES;
				CLANG_WARN_COMMA = YES;
				CLANG_WARN_CONSTANT_CONVERSION = YES;
				CLANG_WARN_DEPRECATED_OBJC_IMPLEMENTATIONS = YES;
				CLANG_WARN_DIRECT_OBJC_ISA_USAGE = YES_ERROR;
				CLANG_WARN_DOCUMENTATION_COMMENTS = YES;
				CLANG_WARN_EMPTY_BODY = YES;
				CLANG_WARN_ENUM_CONVERSION = YES;
				CLANG_WARN_INFINITE_RECURSION = YES;
				CLANG_WARN_INT_CONVERSION = YES;
				CLANG_WARN_NON_LITERAL_NULL_CONVERSION = YES;
				CLANG_WARN_OBJC_IMPLICIT_RETAIN_SELF = YES;
				CLANG_WARN_OBJC_LITERAL_CONVERSION = YES;
				CLANG_WARN_OBJC_ROOT_CLASS = YES_ERROR;
				CLANG_WARN_QUOTED_INCLUDE_IN_FRAMEWORK_HEADER = YES;
				CLANG_WARN_RANGE_LOOP_ANALYSIS = YES;
				CLANG_WARN_STRICT_PROTOTYPES = YES;
				CLANG_WARN_SUSPICIOUS_MOVE = YES;
				CLANG_WARN_UNGUARDED_AVAILABILITY = YES_AGGRESSIVE;
				CLANG_WARN_UNREACHABLE_CODE = YES;
				CLANG_WARN__DUPLICATE_METHOD_MATCH = YES;
				COPY_PHASE_STRIP = NO;
				DEBUG_INFORMATION_FORMAT = dwarf;
				ENABLE_STRICT_OBJC_MSGSEND = YES;
				ENABLE_TESTABILITY = YES;
				GCC_C_LANGUAGE_STANDARD = gnu11;
				GCC_DYNAMIC_NO_PIC = NO;
				GCC_NO_COMMON_BLOCKS = YES;
				GCC_OPTIMIZATION_LEVEL = 0;
				GCC_PREPROCESSOR_DEFINITIONS = (
					"DEBUG=1",
					"$(inherited)",
				);
				GCC_WARN_64_TO_32_BIT_CONVERSION = YES;
				GCC_WARN_ABOUT_RETURN_TYPE = YES_ERROR;
				GCC_WARN_UNDECLARED_SELECTOR = YES;
				GCC_WARN_UNINITIALIZED_AUTOS = YES_AGGRESSIVE;
				GCC_WARN_UNUSED_FUNCTION = YES;
				GCC_WARN_UNUSED_VARIABLE = YES;
				IPHONEOS_DEPLOYMENT_TARGET = 15.0;
				MTL_ENABLE_DEBUG_INFO = INCLUDE_SOURCE;
				MTL_FAST_MATH = YES;
				ONLY_ACTIVE_ARCH = YES;
				SDKROOT = iphoneos;
				SWIFT_ACTIVE_COMPILATION_CONDITIONS = DEBUG;
				SWIFT_OPTIMIZATION_LEVEL = "-Onone";
			};
			name = Debug;
		};
		157018E4272E310A009DA3F0 /* Release */ = {
			isa = XCBuildConfiguration;
			buildSettings = {
				ALWAYS_SEARCH_USER_PATHS = NO;
				CLANG_ANALYZER_NONNULL = YES;
				CLANG_ANALYZER_NUMBER_OBJECT_CONVERSION = YES_AGGRESSIVE;
				CLANG_CXX_LANGUAGE_STANDARD = "gnu++17";
				CLANG_CXX_LIBRARY = "libc++";
				CLANG_ENABLE_MODULES = YES;
				CLANG_ENABLE_OBJC_ARC = YES;
				CLANG_ENABLE_OBJC_WEAK = YES;
				CLANG_WARN_BLOCK_CAPTURE_AUTORELEASING = YES;
				CLANG_WARN_BOOL_CONVERSION = YES;
				CLANG_WARN_COMMA = YES;
				CLANG_WARN_CONSTANT_CONVERSION = YES;
				CLANG_WARN_DEPRECATED_OBJC_IMPLEMENTATIONS = YES;
				CLANG_WARN_DIRECT_OBJC_ISA_USAGE = YES_ERROR;
				CLANG_WARN_DOCUMENTATION_COMMENTS = YES;
				CLANG_WARN_EMPTY_BODY = YES;
				CLANG_WARN_ENUM_CONVERSION = YES;
				CLANG_WARN_INFINITE_RECURSION = YES;
				CLANG_WARN_INT_CONVERSION = YES;
				CLANG_WARN_NON_LITERAL_NULL_CONVERSION = YES;
				CLANG_WARN_OBJC_IMPLICIT_RETAIN_SELF = YES;
				CLANG_WARN_OBJC_LITERAL_CONVERSION = YES;
				CLANG_WARN_OBJC_ROOT_CLASS = YES_ERROR;
				CLANG_WARN_QUOTED_INCLUDE_IN_FRAMEWORK_HEADER = YES;
				CLANG_WARN_RANGE_LOOP_ANALYSIS = YES;
				CLANG_WARN_STRICT_PROTOTYPES = YES;
				CLANG_WARN_SUSPICIOUS_MOVE = YES;
				CLANG_WARN_UNGUARDED_AVAILABILITY = YES_AGGRESSIVE;
				CLANG_WARN_UNREACHABLE_CODE = YES;
				CLANG_WARN__DUPLICATE_METHOD_MATCH = YES;
				COPY_PHASE_STRIP = NO;
				DEBUG_INFORMATION_FORMAT = "dwarf-with-dsym";
				ENABLE_NS_ASSERTIONS = NO;
				ENABLE_STRICT_OBJC_MSGSEND = YES;
				GCC_C_LANGUAGE_STANDARD = gnu11;
				GCC_NO_COMMON_BLOCKS = YES;
				GCC_WARN_64_TO_32_BIT_CONVERSION = YES;
				GCC_WARN_ABOUT_RETURN_TYPE = YES_ERROR;
				GCC_WARN_UNDECLARED_SELECTOR = YES;
				GCC_WARN_UNINITIALIZED_AUTOS = YES_AGGRESSIVE;
				GCC_WARN_UNUSED_FUNCTION = YES;
				GCC_WARN_UNUSED_VARIABLE = YES;
				IPHONEOS_DEPLOYMENT_TARGET = 15.0;
				MTL_ENABLE_DEBUG_INFO = NO;
				MTL_FAST_MATH = YES;
				SDKROOT = iphoneos;
				SWIFT_COMPILATION_MODE = wholemodule;
				SWIFT_OPTIMIZATION_LEVEL = "-O";
				VALIDATE_PRODUCT = YES;
			};
			name = Release;
		};
		157018E6272E310A009DA3F0 /* Debug */ = {
			isa = XCBuildConfiguration;
			buildSettings = {
				ASSETCATALOG_COMPILER_APPICON_NAME = AppIcon;
				ASSETCATALOG_COMPILER_GLOBAL_ACCENT_COLOR_NAME = AccentColor;
				CODE_SIGN_STYLE = Automatic;
				CURRENT_PROJECT_VERSION = 1;
				DEVELOPMENT_ASSET_PATHS = "\"CampingGaJa/Preview Content\"";
				DEVELOPMENT_TEAM = 27963V74Z7;
				ENABLE_PREVIEWS = YES;
				GENERATE_INFOPLIST_FILE = YES;
				INFOPLIST_KEY_UIApplicationSceneManifest_Generation = YES;
				INFOPLIST_KEY_UIApplicationSupportsIndirectInputEvents = YES;
				INFOPLIST_KEY_UILaunchScreen_Generation = YES;
				INFOPLIST_KEY_UISupportedInterfaceOrientations_iPad = "UIInterfaceOrientationPortrait UIInterfaceOrientationPortraitUpsideDown UIInterfaceOrientationLandscapeLeft UIInterfaceOrientationLandscapeRight";
				INFOPLIST_KEY_UISupportedInterfaceOrientations_iPhone = "UIInterfaceOrientationPortrait UIInterfaceOrientationLandscapeLeft UIInterfaceOrientationLandscapeRight";
				LD_RUNPATH_SEARCH_PATHS = (
					"$(inherited)",
					"@executable_path/Frameworks",
				);
				MARKETING_VERSION = 1.0;
				PRODUCT_BUNDLE_IDENTIFIER = com.underTheBlueSun.CampingGaJa;
				PRODUCT_NAME = "$(TARGET_NAME)";
				SWIFT_EMIT_LOC_STRINGS = YES;
				SWIFT_VERSION = 5.0;
				TARGETED_DEVICE_FAMILY = "1,2";
			};
			name = Debug;
		};
		157018E7272E310A009DA3F0 /* Release */ = {
			isa = XCBuildConfiguration;
			buildSettings = {
				ASSETCATALOG_COMPILER_APPICON_NAME = AppIcon;
				ASSETCATALOG_COMPILER_GLOBAL_ACCENT_COLOR_NAME = AccentColor;
				CODE_SIGN_STYLE = Automatic;
				CURRENT_PROJECT_VERSION = 1;
				DEVELOPMENT_ASSET_PATHS = "\"CampingGaJa/Preview Content\"";
				DEVELOPMENT_TEAM = 27963V74Z7;
				ENABLE_PREVIEWS = YES;
				GENERATE_INFOPLIST_FILE = YES;
				INFOPLIST_KEY_UIApplicationSceneManifest_Generation = YES;
				INFOPLIST_KEY_UIApplicationSupportsIndirectInputEvents = YES;
				INFOPLIST_KEY_UILaunchScreen_Generation = YES;
				INFOPLIST_KEY_UISupportedInterfaceOrientations_iPad = "UIInterfaceOrientationPortrait UIInterfaceOrientationPortraitUpsideDown UIInterfaceOrientationLandscapeLeft UIInterfaceOrientationLandscapeRight";
				INFOPLIST_KEY_UISupportedInterfaceOrientations_iPhone = "UIInterfaceOrientationPortrait UIInterfaceOrientationLandscapeLeft UIInterfaceOrientationLandscapeRight";
				LD_RUNPATH_SEARCH_PATHS = (
					"$(inherited)",
					"@executable_path/Frameworks",
				);
				MARKETING_VERSION = 1.0;
				PRODUCT_BUNDLE_IDENTIFIER = com.underTheBlueSun.CampingGaJa;
				PRODUCT_NAME = "$(TARGET_NAME)";
				SWIFT_EMIT_LOC_STRINGS = YES;
				SWIFT_VERSION = 5.0;
				TARGETED_DEVICE_FAMILY = "1,2";
			};
			name = Release;
		};
/* End XCBuildConfiguration section */

/* Begin XCConfigurationList section */
		157018D2272E3109009DA3F0 /* Build configuration list for PBXProject "CampingGaJa" */ = {
			isa = XCConfigurationList;
			buildConfigurations = (
				157018E3272E310A009DA3F0 /* Debug */,
				157018E4272E310A009DA3F0 /* Release */,
			);
			defaultConfigurationIsVisible = 0;
			defaultConfigurationName = Release;
		};
		157018E5272E310A009DA3F0 /* Build configuration list for PBXNativeTarget "CampingGaJa" */ = {
			isa = XCConfigurationList;
			buildConfigurations = (
				157018E6272E310A009DA3F0 /* Debug */,
				157018E7272E310A009DA3F0 /* Release */,
			);
			defaultConfigurationIsVisible = 0;
			defaultConfigurationName = Release;
		};
/* End XCConfigurationList section */

/* Begin XCRemoteSwiftPackageReference section */
		156D58B3272E52A4003F3A9C /* XCRemoteSwiftPackageReference "realm-cocoa" */ = {
			isa = XCRemoteSwiftPackageReference;
			repositoryURL = "https://github.com/realm/realm-cocoa.git";
			requirement = {
				kind = upToNextMajorVersion;
				minimumVersion = 10.18.0;
			};
		};
/* End XCRemoteSwiftPackageReference section */

/* Begin XCSwiftPackageProductDependency section */
		156D58B4272E52A4003F3A9C /* Realm */ = {
			isa = XCSwiftPackageProductDependency;
			package = 156D58B3272E52A4003F3A9C /* XCRemoteSwiftPackageReference "realm-cocoa" */;
			productName = Realm;
		};
		156D58B6272E52A4003F3A9C /* RealmSwift */ = {
			isa = XCSwiftPackageProductDependency;
			package = 156D58B3272E52A4003F3A9C /* XCRemoteSwiftPackageReference "realm-cocoa" */;
			productName = RealmSwift;
		};
/* End XCSwiftPackageProductDependency section */
	};
	rootObject = 157018CF272E3109009DA3F0 /* Project object */;
}
